
Microsoft Visual Studio Solution File, Format Version 11.00
# Visual Studio 2010
Project("{FAE04EC0-301F-11D3-BF4B-00C04F79EFBC}") = "Networked 2D Pong", "Assembly-CSharp.csproj", "{B77CC633-CBFC-5F7A-AC15-8FB351A46D21}"
EndProject
Project("{FAE04EC0-301F-11D3-BF4B-00C04F79EFBC}") = "Networked 2D Pong", "Assembly-CSharp-Editor.csproj", "{F10D041B-C1D3-C85A-5A63-DFF9A1CAA763}"
EndProject
Global
	GlobalSection(SolutionConfigurationPlatforms) = preSolution
		Debug|Any CPU = Debug|Any CPU
		Release|Any CPU = Release|Any CPU
	EndGlobalSection
	GlobalSection(ProjectConfigurationPlatforms) = postSolution
		{B77CC633-CBFC-5F7A-AC15-8FB351A46D21}.Debug|Any CPU.ActiveCfg = Debug|Any CPU
		{B77CC633-CBFC-5F7A-AC15-8FB351A46D21}.Debug|Any CPU.Build.0 = Debug|Any CPU
		{B77CC633-CBFC-5F7A-AC15-8FB351A46D21}.Release|Any CPU.ActiveCfg = Release|Any CPU
		{B77CC633-CBFC-5F7A-AC15-8FB351A46D21}.Release|Any CPU.Build.0 = Release|Any CPU
		{F10D041B-C1D3-C85A-5A63-DFF9A1CAA763}.Debug|Any CPU.ActiveCfg = Debug|Any CPU
		{F10D041B-C1D3-C85A-5A63-DFF9A1CAA763}.Debug|Any CPU.Build.0 = Debug|Any CPU
		{F10D041B-C1D3-C85A-5A63-DFF9A1CAA763}.Release|Any CPU.ActiveCfg = Release|Any CPU
		{F10D041B-C1D3-C85A-5A63-DFF9A1CAA763}.Release|Any CPU.Build.0 = Release|Any CPU
	EndGlobalSection
	GlobalSection(SolutionProperties) = preSolution
		HideSolutionNode = FALSE
	EndGlobalSection
	GlobalSection(MonoDevelopProperties) = preSolution
		StartupItem = Assembly-CSharp.csproj
	EndGlobalSection
EndGlobal
